
Microsoft Visual Studio Solution File, Format Version 12.00
# Visual Studio Version 16
VisualStudioVersion = 16.0.29509.3
MinimumVisualStudioVersion = 10.0.40219.1
Project("{FAE04EC0-301F-11D3-BF4B-00C04F79EFBC}") = "MusicApp", "MusicApp\MusicApp.csproj", "{CC13E86C-F708-4D6E-8993-63BF5F6FA5DC}"
EndProject
Global
	GlobalSection(SolutionConfigurationPlatforms) = preSolution
		Debug|Any CPU = Debug|Any CPU
		Release|Any CPU = Release|Any CPU
	EndGlobalSection
	GlobalSection(ProjectConfigurationPlatforms) = postSolution
		{CC13E86C-F708-4D6E-8993-63BF5F6FA5DC}.Debug|Any CPU.ActiveCfg = Debug|Any CPU
		{CC13E86C-F708-4D6E-8993-63BF5F6FA5DC}.Debug|Any CPU.Build.0 = Debug|Any CPU
		{CC13E86C-F708-4D6E-8993-63BF5F6FA5DC}.Release|Any CPU.ActiveCfg = Release|Any CPU
		{CC13E86C-F708-4D6E-8993-63BF5F6FA5DC}.Release|Any CPU.Build.0 = Release|Any CPU
	EndGlobalSection
	GlobalSection(SolutionProperties) = preSolution
		HideSolutionNode = FALSE
	EndGlobalSection
	GlobalSection(ExtensibilityGlobals) = postSolution
		SolutionGuid = {C3D6E431-E6EC-4465-AA71-D32F0104D062}
	EndGlobalSection
EndGlobal
